PODS:
  - Alamofire (5.4.1)
  - Nimble (8.0.9)
  - Quick (2.2.1)
  - SwiftyJSON (5.0.1)
  - SwiftyVolley (0.1.0):
    - Alamofire (~> 5.0)
    - SwiftyJSON (~> 5.0)

DEPENDENCIES:
  - Nimble (~> 8.0.7)
  - Quick (~> 2.2.0)
  - SwiftyVolley (from `../`)

SPEC REPOS:
  trunk:
    - Alamofire
    - Nimble
    - Quick
    - SwiftyJSON

EXTERNAL SOURCES:
  SwiftyVolley:
    :path: "../"

SPEC CHECKSUMS:
  Alamofire: 2291f7d21ca607c491dd17642e5d40fdcda0e65c
  Nimble: 98b888285a615fd34f20e61753cf58ea1402bde4
  Quick: f5754d69b7013f5864c29aab9ae6f0c79c5bc200
  SwiftyJSON: 2f33a42c6fbc52764d96f13368585094bfd8aa5e
  SwiftyVolley: 51c8b1c020fce7a5eb62cf7a464d93e89456314a

PODFILE CHECKSUM: 66bb13d1fa7fdd4551500af5e589fe8eac6af53e

COCOAPODS: 1.10.1
