PODS:
  - Alamofire (5.4.1)
  - Nimble (9.2.0)
  - Quick (4.0.0)
  - SwiftyVolley (0.1.0):
    - Alamofire (~> 5.0)

DEPENDENCIES:
  - Nimble (~> 9.2.0)
  - Quick (~> 4.0.0)
  - SwiftyVolley (from `../`)

SPEC REPOS:
  trunk:
    - Alamofire
    - Nimble
    - Quick

EXTERNAL SOURCES:
  SwiftyVolley:
    :path: "../"

SPEC CHECKSUMS:
  Alamofire: 2291f7d21ca607c491dd17642e5d40fdcda0e65c
  Nimble: 4f4a345c80b503b3ea13606a4f98405974ee4d0b
  Quick: 6473349e43b9271a8d43839d9ba1c442ed1b7ac4
  SwiftyVolley: d67d5e6e4cc5516e3d23bc6f23b689ca19d25b80

PODFILE CHECKSUM: a19813ff713b061d3dd5f8fd38ec53f3f5b4b0a5

COCOAPODS: 1.10.1
